
Microsoft Visual Studio Solution File, Format Version 12.00
# Visual Studio Version 16
VisualStudioVersion = 16.0.28922.388
MinimumVisualStudioVersion = 10.0.40219.1
Project("{9A19103F-16F7-4668-BE54-9A1E7A4F7556}") = "KupoNuts.Bot", "KupoNuts.Bot\KupoNuts.Bot.csproj", "{5CC3E172-53FB-4CA2-8660-C73EC2130EFB}"
EndProject
Project("{9A19103F-16F7-4668-BE54-9A1E7A4F7556}") = "KupoNuts.Manager.Client", "KupoNuts.Manager.Client\KupoNuts.Manager.Client.csproj", "{53EED934-BC0A-4CDC-A84E-DB2886BA6C47}"
EndProject
Project("{9A19103F-16F7-4668-BE54-9A1E7A4F7556}") = "KupoNuts.Manager.Server", "KupoNuts.Manager.Server\KupoNuts.Manager.Server.csproj", "{7079CBBF-2E4B-4A96-8A65-982057E0FB71}"
EndProject
Project("{9A19103F-16F7-4668-BE54-9A1E7A4F7556}") = "KupoNuts.Shared", "KupoNuts.Shared\KupoNuts.Shared.csproj", "{A3B12C0F-09FE-4814-9B55-06D64370314C}"
EndProject
Project("{9A19103F-16F7-4668-BE54-9A1E7A4F7556}") = "KupoNuts.Boot", "KupoNuts.Boot\KupoNuts.Boot.csproj", "{2751A6B5-B536-4C70-B9B8-87145D363C4A}"
	ProjectSection(ProjectDependencies) = postProject
		{A3B12C0F-09FE-4814-9B55-06D64370314C} = {A3B12C0F-09FE-4814-9B55-06D64370314C}
	EndProjectSection
EndProject
Project("{9A19103F-16F7-4668-BE54-9A1E7A4F7556}") = "XIVAPI", "XIVAPI\XIVAPI.csproj", "{4A44B667-D157-4CA4-BC2C-492AC3D7C03A}"
EndProject
Project("{9A19103F-16F7-4668-BE54-9A1E7A4F7556}") = "Lodestone", "Lodestone\Lodestone.csproj", "{6C573D2E-0849-4B1F-900D-E7E8564A058B}"
EndProject
Project("{9A19103F-16F7-4668-BE54-9A1E7A4F7556}") = "Universalis", "Universalis\Universalis.csproj", "{611EE2AB-5FE5-4427-A7D5-FF885E6BB24F}"
EndProject
Project("{9A19103F-16F7-4668-BE54-9A1E7A4F7556}") = "Twitter", "Twitter\Twitter.csproj", "{869DBBF6-932E-415B-8F15-6D13EC131586}"
EndProject
Project("{9A19103F-16F7-4668-BE54-9A1E7A4F7556}") = "FFXIVCollect", "FFXIVCollect\FFXIVCollect.csproj", "{47A14D54-9BAC-4782-A564-628943C09BC4}"
EndProject
Project("{FAE04EC0-301F-11D3-BF4B-00C04F79EFBC}") = "Lalachievements", "Lalachievements\Lalachievements.csproj", "{F05B5BDD-00A4-48B6-AB95-26E732E70197}"
EndProject
Global
	GlobalSection(SolutionConfigurationPlatforms) = preSolution
		Debug|Any CPU = Debug|Any CPU
		Release|Any CPU = Release|Any CPU
	EndGlobalSection
	GlobalSection(ProjectConfigurationPlatforms) = postSolution
		{5CC3E172-53FB-4CA2-8660-C73EC2130EFB}.Debug|Any CPU.ActiveCfg = Debug|Any CPU
		{5CC3E172-53FB-4CA2-8660-C73EC2130EFB}.Debug|Any CPU.Build.0 = Debug|Any CPU
		{5CC3E172-53FB-4CA2-8660-C73EC2130EFB}.Release|Any CPU.ActiveCfg = Release|Any CPU
		{5CC3E172-53FB-4CA2-8660-C73EC2130EFB}.Release|Any CPU.Build.0 = Release|Any CPU
		{53EED934-BC0A-4CDC-A84E-DB2886BA6C47}.Debug|Any CPU.ActiveCfg = Debug|Any CPU
		{53EED934-BC0A-4CDC-A84E-DB2886BA6C47}.Debug|Any CPU.Build.0 = Debug|Any CPU
		{53EED934-BC0A-4CDC-A84E-DB2886BA6C47}.Release|Any CPU.ActiveCfg = Release|Any CPU
		{53EED934-BC0A-4CDC-A84E-DB2886BA6C47}.Release|Any CPU.Build.0 = Release|Any CPU
		{7079CBBF-2E4B-4A96-8A65-982057E0FB71}.Debug|Any CPU.ActiveCfg = Debug|Any CPU
		{7079CBBF-2E4B-4A96-8A65-982057E0FB71}.Debug|Any CPU.Build.0 = Debug|Any CPU
		{7079CBBF-2E4B-4A96-8A65-982057E0FB71}.Release|Any CPU.ActiveCfg = Release|Any CPU
		{7079CBBF-2E4B-4A96-8A65-982057E0FB71}.Release|Any CPU.Build.0 = Release|Any CPU
		{A3B12C0F-09FE-4814-9B55-06D64370314C}.Debug|Any CPU.ActiveCfg = Debug|Any CPU
		{A3B12C0F-09FE-4814-9B55-06D64370314C}.Debug|Any CPU.Build.0 = Debug|Any CPU
		{A3B12C0F-09FE-4814-9B55-06D64370314C}.Release|Any CPU.ActiveCfg = Release|Any CPU
		{A3B12C0F-09FE-4814-9B55-06D64370314C}.Release|Any CPU.Build.0 = Release|Any CPU
		{2751A6B5-B536-4C70-B9B8-87145D363C4A}.Debug|Any CPU.ActiveCfg = Debug|Any CPU
		{2751A6B5-B536-4C70-B9B8-87145D363C4A}.Debug|Any CPU.Build.0 = Debug|Any CPU
		{2751A6B5-B536-4C70-B9B8-87145D363C4A}.Release|Any CPU.ActiveCfg = Release|Any CPU
		{2751A6B5-B536-4C70-B9B8-87145D363C4A}.Release|Any CPU.Build.0 = Release|Any CPU
		{4A44B667-D157-4CA4-BC2C-492AC3D7C03A}.Debug|Any CPU.ActiveCfg = Debug|Any CPU
		{4A44B667-D157-4CA4-BC2C-492AC3D7C03A}.Debug|Any CPU.Build.0 = Debug|Any CPU
		{4A44B667-D157-4CA4-BC2C-492AC3D7C03A}.Release|Any CPU.ActiveCfg = Release|Any CPU
		{4A44B667-D157-4CA4-BC2C-492AC3D7C03A}.Release|Any CPU.Build.0 = Release|Any CPU
		{6C573D2E-0849-4B1F-900D-E7E8564A058B}.Debug|Any CPU.ActiveCfg = Debug|Any CPU
		{6C573D2E-0849-4B1F-900D-E7E8564A058B}.Debug|Any CPU.Build.0 = Debug|Any CPU
		{6C573D2E-0849-4B1F-900D-E7E8564A058B}.Release|Any CPU.ActiveCfg = Release|Any CPU
		{6C573D2E-0849-4B1F-900D-E7E8564A058B}.Release|Any CPU.Build.0 = Release|Any CPU
		{611EE2AB-5FE5-4427-A7D5-FF885E6BB24F}.Debug|Any CPU.ActiveCfg = Debug|Any CPU
		{611EE2AB-5FE5-4427-A7D5-FF885E6BB24F}.Debug|Any CPU.Build.0 = Debug|Any CPU
		{611EE2AB-5FE5-4427-A7D5-FF885E6BB24F}.Release|Any CPU.ActiveCfg = Release|Any CPU
		{611EE2AB-5FE5-4427-A7D5-FF885E6BB24F}.Release|Any CPU.Build.0 = Release|Any CPU
		{869DBBF6-932E-415B-8F15-6D13EC131586}.Debug|Any CPU.ActiveCfg = Debug|Any CPU
		{869DBBF6-932E-415B-8F15-6D13EC131586}.Debug|Any CPU.Build.0 = Debug|Any CPU
		{869DBBF6-932E-415B-8F15-6D13EC131586}.Release|Any CPU.ActiveCfg = Release|Any CPU
		{869DBBF6-932E-415B-8F15-6D13EC131586}.Release|Any CPU.Build.0 = Release|Any CPU
		{47A14D54-9BAC-4782-A564-628943C09BC4}.Debug|Any CPU.ActiveCfg = Debug|Any CPU
		{47A14D54-9BAC-4782-A564-628943C09BC4}.Debug|Any CPU.Build.0 = Debug|Any CPU
		{47A14D54-9BAC-4782-A564-628943C09BC4}.Release|Any CPU.ActiveCfg = Release|Any CPU
		{47A14D54-9BAC-4782-A564-628943C09BC4}.Release|Any CPU.Build.0 = Release|Any CPU
		{F05B5BDD-00A4-48B6-AB95-26E732E70197}.Debug|Any CPU.ActiveCfg = Debug|Any CPU
		{F05B5BDD-00A4-48B6-AB95-26E732E70197}.Debug|Any CPU.Build.0 = Debug|Any CPU
		{F05B5BDD-00A4-48B6-AB95-26E732E70197}.Release|Any CPU.ActiveCfg = Release|Any CPU
		{F05B5BDD-00A4-48B6-AB95-26E732E70197}.Release|Any CPU.Build.0 = Release|Any CPU
	EndGlobalSection
	GlobalSection(SolutionProperties) = preSolution
		HideSolutionNode = FALSE
	EndGlobalSection
	GlobalSection(ExtensibilityGlobals) = postSolution
		SolutionGuid = {02BED663-E171-4228-88D6-251C6F9A6A46}
	EndGlobalSection
EndGlobal
